
Microsoft Visual Studio Solution File, Format Version 10.00
# Visual Studio 2008
Project("{FAE04EC0-301F-11D3-BF4B-00C04F79EFBC}") = "DjPageFlash", "DjPageFlash\DjPageFlash.csproj", "{28F92CDD-C210-4EFC-812D-D2C123F7D781}"
EndProject
Global
	GlobalSection(SolutionConfigurationPlatforms) = preSolution
		Debug|Any CPU = Debug|Any CPU
		Release|Any CPU = Release|Any CPU
	EndGlobalSection
	GlobalSection(ProjectConfigurationPlatforms) = postSolution
		{28F92CDD-C210-4EFC-812D-D2C123F7D781}.Debug|Any CPU.ActiveCfg = Debug|Any CPU
		{28F92CDD-C210-4EFC-812D-D2C123F7D781}.Debug|Any CPU.Build.0 = Debug|Any CPU
		{28F92CDD-C210-4EFC-812D-D2C123F7D781}.Release|Any CPU.ActiveCfg = Release|Any CPU
		{28F92CDD-C210-4EFC-812D-D2C123F7D781}.Release|Any CPU.Build.0 = Release|Any CPU
	EndGlobalSection
	GlobalSection(SolutionProperties) = preSolution
		HideSolutionNode = FALSE
	EndGlobalSection
EndGlobal
